
Microsoft Visual Studio Solution File, Format Version 12.00
# Visual Studio Version 17
VisualStudioVersion = 17.6.33801.468
MinimumVisualStudioVersion = 10.0.40219.1
Project("{FAE04EC0-301F-11D3-BF4B-00C04F79EFBC}") = "Tareamatriz", "Tareamatriz\Tareamatriz.csproj", "{6559DC16-8DD2-43B7-A6F9-E513BC7E624C}"
EndProject
Global
	GlobalSection(SolutionConfigurationPlatforms) = preSolution
		Debug|Any CPU = Debug|Any CPU
		Release|Any CPU = Release|Any CPU
	EndGlobalSection
	GlobalSection(ProjectConfigurationPlatforms) = postSolution
		{6559DC16-8DD2-43B7-A6F9-E513BC7E624C}.Debug|Any CPU.ActiveCfg = Debug|Any CPU
		{6559DC16-8DD2-43B7-A6F9-E513BC7E624C}.Debug|Any CPU.Build.0 = Debug|Any CPU
		{6559DC16-8DD2-43B7-A6F9-E513BC7E624C}.Release|Any CPU.ActiveCfg = Release|Any CPU
		{6559DC16-8DD2-43B7-A6F9-E513BC7E624C}.Release|Any CPU.Build.0 = Release|Any CPU
	EndGlobalSection
	GlobalSection(SolutionProperties) = preSolution
		HideSolutionNode = FALSE
	EndGlobalSection
	GlobalSection(ExtensibilityGlobals) = postSolution
		SolutionGuid = {8B327AD9-DDE1-4733-A1F6-CE53892DC8C3}
	EndGlobalSection
EndGlobal
